
Microsoft Visual Studio Solution File, Format Version 12.00
# Visual Studio Version 17
VisualStudioVersion = 17.14.36518.9 d17.14
MinimumVisualStudioVersion = 10.0.40219.1
Project("{8BC9CEB8-8B4A-11D0-8D11-00A0C91BC942}") = "07 指针", "07 指针\07 指针.vcxproj", "{E10101DE-F01D-4CBE-A04D-EA003E8784BD}"
EndProject
Global
	GlobalSection(SolutionConfigurationPlatforms) = preSolution
		Debug|x64 = Debug|x64
		Debug|x86 = Debug|x86
		Release|x64 = Release|x64
		Release|x86 = Release|x86
	EndGlobalSection
	GlobalSection(ProjectConfigurationPlatforms) = postSolution
		{E10101DE-F01D-4CBE-A04D-EA003E8784BD}.Debug|x64.ActiveCfg = Debug|x64
		{E10101DE-F01D-4CBE-A04D-EA003E8784BD}.Debug|x64.Build.0 = Debug|x64
		{E10101DE-F01D-4CBE-A04D-EA003E8784BD}.Debug|x86.ActiveCfg = Debug|Win32
		{E10101DE-F01D-4CBE-A04D-EA003E8784BD}.Debug|x86.Build.0 = Debug|Win32
		{E10101DE-F01D-4CBE-A04D-EA003E8784BD}.Release|x64.ActiveCfg = Release|x64
		{E10101DE-F01D-4CBE-A04D-EA003E8784BD}.Release|x64.Build.0 = Release|x64
		{E10101DE-F01D-4CBE-A04D-EA003E8784BD}.Release|x86.ActiveCfg = Release|Win32
		{E10101DE-F01D-4CBE-A04D-EA003E8784BD}.Release|x86.Build.0 = Release|Win32
	EndGlobalSection
	GlobalSection(SolutionProperties) = preSolution
		HideSolutionNode = FALSE
	EndGlobalSection
	GlobalSection(ExtensibilityGlobals) = postSolution
		SolutionGuid = {1C651F81-4D2A-43B3-AAF8-040CCA984BF8}
	EndGlobalSection
EndGlobal
